# This file is automatically @generated by Cargo.
# It is not intended for manual editing.
version = 4

[[package]]
name = "increasing-array"
version = "0.1.0"

[[package]]
name = "missing-number"
version = "0.1.0"

[[package]]
name = "number-spiral"
version = "0.1.0"

[[package]]
name = "permutations"
version = "0.1.0"

[[package]]
name = "repetitions"
version = "0.1.0"

[[package]]
name = "weird-algorithm"
version = "0.1.0"
